// !$*UTF8*$!
{
	archiveVersion = 1;
	classes = {
	};
	objectVersion = 46;
	objects = {

/* Begin PBXBuildFile section */
		E6B64D051696711A0031BDB8 /* UIKit.framework in Frameworks */ = {isa = PBXBuildFile; fileRef = E6B64D041696711A0031BDB8 /* UIKit.framework */; };
		E6B64D071696711A0031BDB8 /* Foundation.framework in Frameworks */ = {isa = PBXBuildFile; fileRef = E6B64D061696711A0031BDB8 /* Foundation.framework */; };
		E6B64D091696711A0031BDB8 /* CoreGraphics.framework in Frameworks */ = {isa = PBXBuildFile; fileRef = E6B64D081696711A0031BDB8 /* CoreGraphics.framework */; };
		E6B64D0F1696711A0031BDB8 /* InfoPlist.strings in Resources */ = {isa = PBXBuildFile; fileRef = E6B64D0D1696711A0031BDB8 /* InfoPlist.strings */; };
		E6B64D111696711A0031BDB8 /* main.m in Sources */ = {isa = PBXBuildFile; fileRef = E6B64D101696711A0031BDB8 /* main.m */; };
		E6B64D151696711A0031BDB8 /* MARAppDelegate.m in Sources */ = {isa = PBXBuildFile; fileRef = E6B64D141696711A0031BDB8 /* MARAppDelegate.m */; };
		E6B64D171696711A0031BDB8 /* Default.png in Resources */ = {isa = PBXBuildFile; fileRef = E6B64D161696711A0031BDB8 /* Default.png */; };
		E6B64D191696711A0031BDB8 /* Default@2x.png in Resources */ = {isa = PBXBuildFile; fileRef = E6B64D181696711A0031BDB8 /* Default@2x.png */; };
		E6B64D1B1696711A0031BDB8 /* Default-568h@2x.png in Resources */ = {isa = PBXBuildFile; fileRef = E6B64D1A1696711A0031BDB8 /* Default-568h@2x.png */; };
		E6B64D1E1696711A0031BDB8 /* MainStoryboard.storyboard in Resources */ = {isa = PBXBuildFile; fileRef = E6B64D1C1696711A0031BDB8 /* MainStoryboard.storyboard */; };
		E6B64D211696711A0031BDB8 /* MARViewController.m in Sources */ = {isa = PBXBuildFile; fileRef = E6B64D201696711A0031BDB8 /* MARViewController.m */; };
		E6B64D28169673200031BDB8 /* CoreLocation.framework in Frameworks */ = {isa = PBXBuildFile; fileRef = E6B64D27169673200031BDB8 /* CoreLocation.framework */; };
		E6B64D2A169673260031BDB8 /* MapKit.framework in Frameworks */ = {isa = PBXBuildFile; fileRef = E6B64D29169673260031BDB8 /* MapKit.framework */; };
/* End PBXBuildFile section */

/* Begin PBXFileReference section */
		E6B64D001696711A0031BDB8 /* MapAutoRecenter.app */ = {isa = PBXFileReference; explicitFileType = wrapper.application; includeInIndex = 0; path = MapAutoRecenter.app; sourceTree = BUILT_PRODUCTS_DIR; };
		E6B64D041696711A0031BDB8 /* UIKit.framework */ = {isa = PBXFileReference; lastKnownFileType = wrapper.framework; name = UIKit.framework; path = System/Library/Frameworks/UIKit.framework; sourceTree = SDKROOT; };
		E6B64D061696711A0031BDB8 /* Foundation.framework */ = {isa = PBXFileReference; lastKnownFileType = wrapper.framework; name = Foundation.framework; path = System/Library/Frameworks/Foundation.framework; sourceTree = SDKROOT; };
		E6B64D081696711A0031BDB8 /* CoreGraphics.framework */ = {isa = PBXFileReference; lastKnownFileType = wrapper.framework; name = CoreGraphics.framework; path = System/Library/Frameworks/CoreGraphics.framework; sourceTree = SDKROOT; };
		E6B64D0C1696711A0031BDB8 /* MapAutoRecenter-Info.plist */ = {isa = PBXFileReference; lastKnownFileType = text.plist.xml; path = "MapAutoRecenter-Info.plist"; sourceTree = "<group>"; };
		E6B64D0E1696711A0031BDB8 /* en */ = {isa = PBXFileReference; lastKnownFileType = text.plist.strings; name = en; path = en.lproj/InfoPlist.strings; sourceTree = "<group>"; };
		E6B64D101696711A0031BDB8 /* main.m */ = {isa = PBXFileReference; lastKnownFileType = sourcecode.c.objc; path = main.m; sourceTree = "<group>"; };
		E6B64D121696711A0031BDB8 /* MapAutoRecenter-Prefix.pch */ = {isa = PBXFileReference; lastKnownFileType = sourcecode.c.h; path = "MapAutoRecenter-Prefix.pch"; sourceTree = "<group>"; };
		E6B64D131696711A0031BDB8 /* MARAppDelegate.h */ = {isa = PBXFileReference; lastKnownFileType = sourcecode.c.h; path = MARAppDelegate.h; sourceTree = "<group>"; };
		E6B64D141696711A0031BDB8 /* MARAppDelegate.m */ = {isa = PBXFileReference; lastKnownFileType = sourcecode.c.objc; path = MARAppDelegate.m; sourceTree = "<group>"; };
		E6B64D161696711A0031BDB8 /* Default.png */ = {isa = PBXFileReference; lastKnownFileType = image.png; path = Default.png; sourceTree = "<group>"; };
		E6B64D181696711A0031BDB8 /* Default@2x.png */ = {isa = PBXFileReference; lastKnownFileType = image.png; path = "Default@2x.png"; sourceTree = "<group>"; };
		E6B64D1A1696711A0031BDB8 /* Default-568h@2x.png */ = {isa = PBXFileReference; lastKnownFileType = image.png; path = "Default-568h@2x.png"; sourceTree = "<group>"; };
		E6B64D1D1696711A0031BDB8 /* en */ = {isa = PBXFileReference; lastKnownFileType = file.storyboard; name = en; path = en.lproj/MainStoryboard.storyboard; sourceTree = "<group>"; };
		E6B64D1F1696711A0031BDB8 /* MARViewController.h */ = {isa = PBXFileReference; lastKnownFileType = sourcecode.c.h; path = MARViewController.h; sourceTree = "<group>"; };
		E6B64D201696711A0031BDB8 /* MARViewController.m */ = {isa = PBXFileReference; lastKnownFileType = sourcecode.c.objc; path = MARViewController.m; sourceTree = "<group>"; };
		E6B64D27169673200031BDB8 /* CoreLocation.framework */ = {isa = PBXFileReference; lastKnownFileType = wrapper.framework; name = CoreLocation.framework; path = System/Library/Frameworks/CoreLocation.framework; sourceTree = SDKROOT; };
		E6B64D29169673260031BDB8 /* MapKit.framework */ = {isa = PBXFileReference; lastKnownFileType = wrapper.framework; name = MapKit.framework; path = System/Library/Frameworks/MapKit.framework; sourceTree = SDKROOT; };
/* End PBXFileReference section */

/* Begin PBXFrameworksBuildPhase section */
		E6B64CFD1696711A0031BDB8 /* Frameworks */ = {
			isa = PBXFrameworksBuildPhase;
			buildActionMask = 2147483647;
			files = (
				E6B64D2A169673260031BDB8 /* MapKit.framework in Frameworks */,
				E6B64D28169673200031BDB8 /* CoreLocation.framework in Frameworks */,
				E6B64D051696711A0031BDB8 /* UIKit.framework in Frameworks */,
				E6B64D071696711A0031BDB8 /* Foundation.framework in Frameworks */,
				E6B64D091696711A0031BDB8 /* CoreGraphics.framework in Frameworks */,
			);
			runOnlyForDeploymentPostprocessing = 0;
		};
/* End PBXFrameworksBuildPhase section */

/* Begin PBXGroup section */
		E6B64CF51696711A0031BDB8 = {
			isa = PBXGroup;
			children = (
				E6B64D0A1696711A0031BDB8 /* MapAutoRecenter */,
				E6B64D031696711A0031BDB8 /* Frameworks */,
				E6B64D011696711A0031BDB8 /* Products */,
			);
			sourceTree = "<group>";
		};
		E6B64D011696711A0031BDB8 /* Products */ = {
			isa = PBXGroup;
			children = (
				E6B64D001696711A0031BDB8 /* MapAutoRecenter.app */,
			);
			name = Products;
			sourceTree = "<group>";
		};
		E6B64D031696711A0031BDB8 /* Frameworks */ = {
			isa = PBXGroup;
			children = (
				E6B64D29169673260031BDB8 /* MapKit.framework */,
				E6B64D27169673200031BDB8 /* CoreLocation.framework */,
				E6B64D041696711A0031BDB8 /* UIKit.framework */,
				E6B64D061696711A0031BDB8 /* Foundation.framework */,
				E6B64D081696711A0031BDB8 /* CoreGraphics.framework */,
			);
			name = Frameworks;
			sourceTree = "<group>";
		};
		E6B64D0A1696711A0031BDB8 /* MapAutoRecenter */ = {
			isa = PBXGroup;
			children = (
				E6B64D131696711A0031BDB8 /* MARAppDelegate.h */,
				E6B64D141696711A0031BDB8 /* MARAppDelegate.m */,
				E6B64D1C1696711A0031BDB8 /* MainStoryboard.storyboard */,
				E6B64D1F1696711A0031BDB8 /* MARViewController.h */,
				E6B64D201696711A0031BDB8 /* MARViewController.m */,
				E6B64D0B1696711A0031BDB8 /* Supporting Files */,
			);
			path = MapAutoRecenter;
			sourceTree = "<group>";
		};
		E6B64D0B1696711A0031BDB8 /* Supporting Files */ = {
			isa = PBXGroup;
			children = (
				E6B64D0C1696711A0031BDB8 /* MapAutoRecenter-Info.plist */,
				E6B64D0D1696711A0031BDB8 /* InfoPlist.strings */,
				E6B64D101696711A0031BDB8 /* main.m */,
				E6B64D121696711A0031BDB8 /* MapAutoRecenter-Prefix.pch */,
				E6B64D161696711A0031BDB8 /* Default.png */,
				E6B64D181696711A0031BDB8 /* Default@2x.png */,
				E6B64D1A1696711A0031BDB8 /* Default-568h@2x.png */,
			);
			name = "Supporting Files";
			sourceTree = "<group>";
		};
/* End PBXGroup section */

/* Begin PBXNativeTarget section */
		E6B64CFF1696711A0031BDB8 /* MapAutoRecenter */ = {
			isa = PBXNativeTarget;
			buildConfigurationList = E6B64D241696711A0031BDB8 /* Build configuration list for PBXNativeTarget "MapAutoRecenter" */;
			buildPhases = (
				E6B64CFC1696711A0031BDB8 /* Sources */,
				E6B64CFD1696711A0031BDB8 /* Frameworks */,
				E6B64CFE1696711A0031BDB8 /* Resources */,
			);
			buildRules = (
			);
			dependencies = (
			);
			name = MapAutoRecenter;
			productName = MapAutoRecenter;
			productReference = E6B64D001696711A0031BDB8 /* MapAutoRecenter.app */;
			productType = "com.apple.product-type.application";
		};
/* End PBXNativeTarget section */

/* Begin PBXProject section */
		E6B64CF71696711A0031BDB8 /* Project object */ = {
			isa = PBXProject;
			attributes = {
				CLASSPREFIX = MAR;
				LastUpgradeCheck = 0450;
				ORGANIZATIONNAME = "Teaualune Tseng";
			};
			buildConfigurationList = E6B64CFA1696711A0031BDB8 /* Build configuration list for PBXProject "MapAutoRecenter" */;
			compatibilityVersion = "Xcode 3.2";
			developmentRegion = English;
			hasScannedForEncodings = 0;
			knownRegions = (
				en,
			);
			mainGroup = E6B64CF51696711A0031BDB8;
			productRefGroup = E6B64D011696711A0031BDB8 /* Products */;
			projectDirPath = "";
			projectRoot = "";
			targets = (
				E6B64CFF1696711A0031BDB8 /* MapAutoRecenter */,
			);
		};
/* End PBXProject section */

/* Begin PBXResourcesBuildPhase section */
		E6B64CFE1696711A0031BDB8 /* Resources */ = {
			isa = PBXResourcesBuildPhase;
			buildActionMask = 2147483647;
			files = (
				E6B64D0F1696711A0031BDB8 /* InfoPlist.strings in Resources */,
				E6B64D171696711A0031BDB8 /* Default.png in Resources */,
				E6B64D191696711A0031BDB8 /* Default@2x.png in Resources */,
				E6B64D1B1696711A0031BDB8 /* Default-568h@2x.png in Resources */,
				E6B64D1E1696711A0031BDB8 /* MainStoryboard.storyboard in Resources */,
			);
			runOnlyForDeploymentPostprocessing = 0;
		};
/* End PBXResourcesBuildPhase section */

/* Begin PBXSourcesBuildPhase section */
		E6B64CFC1696711A0031BDB8 /* Sources */ = {
			isa = PBXSourcesBuildPhase;
			buildActionMask = 2147483647;
			files = (
				E6B64D111696711A0031BDB8 /* main.m in Sources */,
				E6B64D151696711A0031BDB8 /* MARAppDelegate.m in Sources */,
				E6B64D211696711A0031BDB8 /* MARViewController.m in Sources */,
			);
			runOnlyForDeploymentPostprocessing = 0;
		};
/* End PBXSourcesBuildPhase section */

/* Begin PBXVariantGroup section */
		E6B64D0D1696711A0031BDB8 /* InfoPlist.strings */ = {
			isa = PBXVariantGroup;
			children = (
				E6B64D0E1696711A0031BDB8 /* en */,
			);
			name = InfoPlist.strings;
			sourceTree = "<group>";
		};
		E6B64D1C1696711A0031BDB8 /* MainStoryboard.storyboard */ = {
			isa = PBXVariantGroup;
			children = (
				E6B64D1D1696711A0031BDB8 /* en */,
			);
			name = MainStoryboard.storyboard;
			sourceTree = "<group>";
		};
/* End PBXVariantGroup section */

/* Begin XCBuildConfiguration section */
		E6B64D221696711A0031BDB8 /* Debug */ = {
			isa = XCBuildConfiguration;
			buildSettings = {
				ALWAYS_SEARCH_USER_PATHS = NO;
				CLANG_CXX_LANGUAGE_STANDARD = "gnu++0x";
				CLANG_CXX_LIBRARY = "libc++";
				CLANG_ENABLE_OBJC_ARC = YES;
				CLANG_WARN_EMPTY_BODY = YES;
				CLANG_WARN__DUPLICATE_METHOD_MATCH = YES;
				"CODE_SIGN_IDENTITY[sdk=iphoneos*]" = "iPhone Developer";
				COPY_PHASE_STRIP = NO;
				GCC_C_LANGUAGE_STANDARD = gnu99;
				GCC_DYNAMIC_NO_PIC = NO;
				GCC_OPTIMIZATION_LEVEL = 0;
				GCC_PREPROCESSOR_DEFINITIONS = (
					"DEBUG=1",
					"$(inherited)",
				);
				GCC_SYMBOLS_PRIVATE_EXTERN = NO;
				GCC_WARN_ABOUT_RETURN_TYPE = YES;
				GCC_WARN_UNINITIALIZED_AUTOS = YES;
				GCC_WARN_UNUSED_VARIABLE = YES;
				IPHONEOS_DEPLOYMENT_TARGET = 6.0;
				ONLY_ACTIVE_ARCH = YES;
				SDKROOT = iphoneos;
			};
			name = Debug;
		};
		E6B64D231696711A0031BDB8 /* Release */ = {
			isa = XCBuildConfiguration;
			buildSettings = {
				ALWAYS_SEARCH_USER_PATHS = NO;
				CLANG_CXX_LANGUAGE_STANDARD = "gnu++0x";
				CLANG_CXX_LIBRARY = "libc++";
				CLANG_ENABLE_OBJC_ARC = YES;
				CLANG_WARN_EMPTY_BODY = YES;
				CLANG_WARN__DUPLICATE_METHOD_MATCH = YES;
				"CODE_SIGN_IDENTITY[sdk=iphoneos*]" = "iPhone Developer";
				COPY_PHASE_STRIP = YES;
				GCC_C_LANGUAGE_STANDARD = gnu99;
				GCC_WARN_ABOUT_RETURN_TYPE = YES;
				GCC_WARN_UNINITIALIZED_AUTOS = YES;
				GCC_WARN_UNUSED_VARIABLE = YES;
				IPHONEOS_DEPLOYMENT_TARGET = 6.0;
				OTHER_CFLAGS = "-DNS_BLOCK_ASSERTIONS=1";
				SDKROOT = iphoneos;
				VALIDATE_PRODUCT = YES;
			};
			name = Release;
		};
		E6B64D251696711A0031BDB8 /* Debug */ = {
			isa = XCBuildConfiguration;
			buildSettings = {
				GCC_PRECOMPILE_PREFIX_HEADER = YES;
				GCC_PREFIX_HEADER = "MapAutoRecenter/MapAutoRecenter-Prefix.pch";
				INFOPLIST_FILE = "MapAutoRecenter/MapAutoRecenter-Info.plist";
				PRODUCT_NAME = "$(TARGET_NAME)";
				WRAPPER_EXTENSION = app;
			};
			name = Debug;
		};
		E6B64D261696711A0031BDB8 /* Release */ = {
			isa = XCBuildConfiguration;
			buildSettings = {
				GCC_PRECOMPILE_PREFIX_HEADER = YES;
				GCC_PREFIX_HEADER = "MapAutoRecenter/MapAutoRecenter-Prefix.pch";
				INFOPLIST_FILE = "MapAutoRecenter/MapAutoRecenter-Info.plist";
				PRODUCT_NAME = "$(TARGET_NAME)";
				WRAPPER_EXTENSION = app;
			};
			name = Release;
		};
/* End XCBuildConfiguration section */

/* Begin XCConfigurationList section */
		E6B64CFA1696711A0031BDB8 /* Build configuration list for PBXProject "MapAutoRecenter" */ = {
			isa = XCConfigurationList;
			buildConfigurations = (
				E6B64D221696711A0031BDB8 /* Debug */,
				E6B64D231696711A0031BDB8 /* Release */,
			);
			defaultConfigurationIsVisible = 0;
			defaultConfigurationName = Release;
		};
		E6B64D241696711A0031BDB8 /* Build configuration list for PBXNativeTarget "MapAutoRecenter" */ = {
			isa = XCConfigurationList;
			buildConfigurations = (
				E6B64D251696711A0031BDB8 /* Debug */,
				E6B64D261696711A0031BDB8 /* Release */,
			);
			defaultConfigurationIsVisible = 0;
		};
/* End XCConfigurationList section */
	};
	rootObject = E6B64CF71696711A0031BDB8 /* Project object */;
}
